
Microsoft Visual Studio Solution File, Format Version 12.00
# Visual Studio Version 17
VisualStudioVersion = 17.9.34616.47
MinimumVisualStudioVersion = 10.0.40219.1
Project("{8BC9CEB8-8B4A-11D0-8D11-00A0C91BC942}") = "CONSTRUCTOR", "CONSTRUCTOR\CONSTRUCTOR.vcxproj", "{1DD4236A-7FE6-4F06-8DD7-287E546664AE}"
EndProject
Project("{8BC9CEB8-8B4A-11D0-8D11-00A0C91BC942}") = "Static Function", "Static Function\Static Function.vcxproj", "{8AAEEA28-34F6-4EBE-849F-044D88C4CB61}"
EndProject
Project("{8BC9CEB8-8B4A-11D0-8D11-00A0C91BC942}") = "contoh Constructor", "contoh Constructor\contoh Constructor.vcxproj", "{B4E5277D-F0BE-4453-AD02-BD56D5C3598B}"
EndProject
Project("{8BC9CEB8-8B4A-11D0-8D11-00A0C91BC942}") = "Chainfunction", "Chainfunction\Chainfunction.vcxproj", "{481DA70D-16A5-4321-8A8A-A52BEA7A68BC}"
EndProject
Global
	GlobalSection(SolutionConfigurationPlatforms) = preSolution
		Debug|x64 = Debug|x64
		Debug|x86 = Debug|x86
		Release|x64 = Release|x64
		Release|x86 = Release|x86
	EndGlobalSection
	GlobalSection(ProjectConfigurationPlatforms) = postSolution
		{1DD4236A-7FE6-4F06-8DD7-287E546664AE}.Debug|x64.ActiveCfg = Debug|x64
		{1DD4236A-7FE6-4F06-8DD7-287E546664AE}.Debug|x64.Build.0 = Debug|x64
		{1DD4236A-7FE6-4F06-8DD7-287E546664AE}.Debug|x86.ActiveCfg = Debug|Win32
		{1DD4236A-7FE6-4F06-8DD7-287E546664AE}.Debug|x86.Build.0 = Debug|Win32
		{1DD4236A-7FE6-4F06-8DD7-287E546664AE}.Release|x64.ActiveCfg = Release|x64
		{1DD4236A-7FE6-4F06-8DD7-287E546664AE}.Release|x64.Build.0 = Release|x64
		{1DD4236A-7FE6-4F06-8DD7-287E546664AE}.Release|x86.ActiveCfg = Release|Win32
		{1DD4236A-7FE6-4F06-8DD7-287E546664AE}.Release|x86.Build.0 = Release|Win32
		{8AAEEA28-34F6-4EBE-849F-044D88C4CB61}.Debug|x64.ActiveCfg = Debug|x64
		{8AAEEA28-34F6-4EBE-849F-044D88C4CB61}.Debug|x64.Build.0 = Debug|x64
		{8AAEEA28-34F6-4EBE-849F-044D88C4CB61}.Debug|x86.ActiveCfg = Debug|Win32
		{8AAEEA28-34F6-4EBE-849F-044D88C4CB61}.Debug|x86.Build.0 = Debug|Win32
		{8AAEEA28-34F6-4EBE-849F-044D88C4CB61}.Release|x64.ActiveCfg = Release|x64
		{8AAEEA28-34F6-4EBE-849F-044D88C4CB61}.Release|x64.Build.0 = Release|x64
		{8AAEEA28-34F6-4EBE-849F-044D88C4CB61}.Release|x86.ActiveCfg = Release|Win32
		{8AAEEA28-34F6-4EBE-849F-044D88C4CB61}.Release|x86.Build.0 = Release|Win32
		{B4E5277D-F0BE-4453-AD02-BD56D5C3598B}.Debug|x64.ActiveCfg = Debug|x64
		{B4E5277D-F0BE-4453-AD02-BD56D5C3598B}.Debug|x64.Build.0 = Debug|x64
		{B4E5277D-F0BE-4453-AD02-BD56D5C3598B}.Debug|x86.ActiveCfg = Debug|Win32
		{B4E5277D-F0BE-4453-AD02-BD56D5C3598B}.Debug|x86.Build.0 = Debug|Win32
		{B4E5277D-F0BE-4453-AD02-BD56D5C3598B}.Release|x64.ActiveCfg = Release|x64
		{B4E5277D-F0BE-4453-AD02-BD56D5C3598B}.Release|x64.Build.0 = Release|x64
		{B4E5277D-F0BE-4453-AD02-BD56D5C3598B}.Release|x86.ActiveCfg = Release|Win32
		{B4E5277D-F0BE-4453-AD02-BD56D5C3598B}.Release|x86.Build.0 = Release|Win32
		{481DA70D-16A5-4321-8A8A-A52BEA7A68BC}.Debug|x64.ActiveCfg = Debug|x64
		{481DA70D-16A5-4321-8A8A-A52BEA7A68BC}.Debug|x64.Build.0 = Debug|x64
		{481DA70D-16A5-4321-8A8A-A52BEA7A68BC}.Debug|x86.ActiveCfg = Debug|Win32
		{481DA70D-16A5-4321-8A8A-A52BEA7A68BC}.Debug|x86.Build.0 = Debug|Win32
		{481DA70D-16A5-4321-8A8A-A52BEA7A68BC}.Release|x64.ActiveCfg = Release|x64
		{481DA70D-16A5-4321-8A8A-A52BEA7A68BC}.Release|x64.Build.0 = Release|x64
		{481DA70D-16A5-4321-8A8A-A52BEA7A68BC}.Release|x86.ActiveCfg = Release|Win32
		{481DA70D-16A5-4321-8A8A-A52BEA7A68BC}.Release|x86.Build.0 = Release|Win32
	EndGlobalSection
	GlobalSection(SolutionProperties) = preSolution
		HideSolutionNode = FALSE
	EndGlobalSection
	GlobalSection(ExtensibilityGlobals) = postSolution
		SolutionGuid = {FDDA0C1F-7B84-4C78-A31E-3183E1C92728}
	EndGlobalSection
EndGlobal
